github.com/UselessMnemonic/proxygw v0.3.0 h1:lAT6haNOaF6j3OMItY+/Engn9vr+blUaKiUDNnCztcE=
github.com/UselessMnemonic/proxygw v0.3.0/go.mod h1:h4KbMGKFDkT2vcI5a3Cs2rdzcMuKw4XilxtnhAu71QY=
github.com/google/go-cmp v0.7.0 h1:wk8382ETsv4JYUZwIsn6YpYiWiBsYLSJiTsyBybVuN8=
github.com/google/go-cmp v0.7.0/go.mod h1:pXiqmnSA92OHEEa9HXL2W4E7lf9JzCmGVUdgjX3N/iU=
github.com/google/nftables v0.3.0 h1:bkyZ0cbpVeMHXOrtlFc8ISmfVqq5gPJukoYieyVmITg=
github.com/google/nftables v0.3.0/go.mod h1:BCp9FsrbF1Fn/Yu6CLUc9GGZFw/+hsxfluNXXmxBfRM=
github.com/mdlayher/netlink v1.11.1 h1:T136gDS6Gkt+hLncaBwKdW5GpEC8Z0ykqimOebVoal0=
github.com/mdlayher/netlink v1.11.1/go.mod h1:ao4LjamyK4Uq9L8+fQzqFYpAncbeCdwbvd9Edv/pYnc=
github.com/mdlayher/socket v0.6.0 h1:ScZPaAGyO1icQnbFrhPM8mnXyMu9qukC1K4ZoM2IQKU=
github.com/mdlayher/socket v0.6.0/go.mod h1:q7vozUAnxSqnjHc12Fik5yUKIzfZ8ITCfMkhOtE9z18=
github.com/pkg/errors v0.9.1 h1:FEBLx1zS214owpjy7qsBeixbURkuhQAwrK5UwLGTwt4=
github.com/pkg/errors v0.9.1/go.mod h1:bwawxfHBFNV+L2hUp1rHADufV3IMtnDRdf1r5NINEl0=
github.com/ti-mo/conntrack v0.6.0 h1:laiW2+dzKyS2u0aVr6FeRQs+v7cj4t7q+twolL/ZkjQ=
github.com/ti-mo/conntrack v0.6.0/go.mod h1:4HZrFQQLOSuBzgQNid3H/wYyyp1kfGXUYxueXjIGibo=
github.com/ti-mo/netfilter v0.5.3 h1:ikzduvnaUMwre5bhbNwWOd6bjqLMVb33vv0XXbK0xGQ=
github.com/ti-mo/netfilter v0.5.3/go.mod h1:08SyBCg6hu1qyQk4s3DjjJKNrm3RTb32nm6AzyT972E=
golang.org/x/net v0.53.0 h1:d+qAbo5L0orcWAr0a9JweQpjXF19LMXJE8Ey7hwOdUA=
golang.org/x/net v0.53.0/go.mod h1:JvMuJH7rrdiCfbeHoo3fCQU24Lf5JJwT9W3sJFulfgs=
golang.org/x/sync v0.20.0 h1:e0PTpb7pjO8GAtTs2dQ6jYa5BWYlMuX047Dco/pItO4=
golang.org/x/sync v0.20.0/go.mod h1:9xrNwdLfx4jkKbNva9FpL6vEN7evnE43NNNJQ2LF3+0=
golang.org/x/sys v0.43.0 h1:Rlag2XtaFTxp19wS8MXlJwTvoh8ArU6ezoyFsMyCTNI=
golang.org/x/sys v0.43.0/go.mod h1:4GL1E5IUh+htKOUEOaiffhrAeqysfVGipDYzABqnCmw=
